
Microsoft Visual Studio Solution File, Format Version 12.00
# Visual Studio 15
VisualStudioVersion = 15.0.26730.16
MinimumVisualStudioVersion = 10.0.40219.1
Project("{FAE04EC0-301F-11D3-BF4B-00C04F79EFBC}") = "SearchingSortingAndPagingInMVC", "SearchingSortingAndPagingInMVC\SearchingSortingAndPagingInMVC.csproj", "{5959E48D-270D-4A92-90B7-E4E9FA797262}"
EndProject
Global
	GlobalSection(SolutionConfigurationPlatforms) = preSolution
		Debug|Any CPU = Debug|Any CPU
		Release|Any CPU = Release|Any CPU
	EndGlobalSection
	GlobalSection(ProjectConfigurationPlatforms) = postSolution
		{5959E48D-270D-4A92-90B7-E4E9FA797262}.Debug|Any CPU.ActiveCfg = Debug|Any CPU
		{5959E48D-270D-4A92-90B7-E4E9FA797262}.Debug|Any CPU.Build.0 = Debug|Any CPU
		{5959E48D-270D-4A92-90B7-E4E9FA797262}.Release|Any CPU.ActiveCfg = Release|Any CPU
		{5959E48D-270D-4A92-90B7-E4E9FA797262}.Release|Any CPU.Build.0 = Release|Any CPU
	EndGlobalSection
	GlobalSection(SolutionProperties) = preSolution
		HideSolutionNode = FALSE
	EndGlobalSection
	GlobalSection(ExtensibilityGlobals) = postSolution
		SolutionGuid = {FA48870F-4C59-418A-B123-4694CCD49577}
	EndGlobalSection
EndGlobal
