
Microsoft Visual Studio Solution File, Format Version 12.00
# Visual Studio 15
VisualStudioVersion = 15.0.27703.2042
MinimumVisualStudioVersion = 10.0.40219.1
Project("{FAE04EC0-301F-11D3-BF4B-00C04F79EFBC}") = "ValidationAuthenticationForFinalExam", "ValidationAuthenticationForFinalExam\ValidationAuthenticationForFinalExam.csproj", "{8827C1FE-5525-4F34-B97D-FC9B11E31699}"
EndProject
Global
	GlobalSection(SolutionConfigurationPlatforms) = preSolution
		Debug|Any CPU = Debug|Any CPU
		Release|Any CPU = Release|Any CPU
	EndGlobalSection
	GlobalSection(ProjectConfigurationPlatforms) = postSolution
		{8827C1FE-5525-4F34-B97D-FC9B11E31699}.Debug|Any CPU.ActiveCfg = Debug|Any CPU
		{8827C1FE-5525-4F34-B97D-FC9B11E31699}.Debug|Any CPU.Build.0 = Debug|Any CPU
		{8827C1FE-5525-4F34-B97D-FC9B11E31699}.Release|Any CPU.ActiveCfg = Release|Any CPU
		{8827C1FE-5525-4F34-B97D-FC9B11E31699}.Release|Any CPU.Build.0 = Release|Any CPU
	EndGlobalSection
	GlobalSection(SolutionProperties) = preSolution
		HideSolutionNode = FALSE
	EndGlobalSection
	GlobalSection(ExtensibilityGlobals) = postSolution
		SolutionGuid = {02C11A31-DA42-4898-8E9D-65B4923A2B1A}
	EndGlobalSection
EndGlobal
